
Microsoft Visual Studio Solution File, Format Version 9.00
# Visual Studio 2005
Project("{8BC9CEB8-8B4A-11D0-8D11-00A0C91BC942}") = "encode_keychange", "encode_keychange\encode_keychange.vcproj", "{A9B271AA-28EB-4063-BE84-8DBEB923FCF8}"
	ProjectSection(ProjectDependencies) = postProject
		{F2C497A5-3649-41D5-AA5C-9C6EFE581CE8} = {F2C497A5-3649-41D5-AA5C-9C6EFE581CE8}
	EndProjectSection
EndProject
Project("{8BC9CEB8-8B4A-11D0-8D11-00A0C91BC942}") = "libagent", "libagent\libagent.vcproj", "{297F1DDE-A225-4D09-9C85-4C62833CA9E4}"
	ProjectSection(ProjectDependencies) = postProject
		{F2C497A5-3649-41D5-AA5C-9C6EFE581CE8} = {F2C497A5-3649-41D5-AA5C-9C6EFE581CE8}
	EndProjectSection
EndProject
Project("{8BC9CEB8-8B4A-11D0-8D11-00A0C91BC942}") = "libnetsnmptrapd", "libnetsnmptrapd\libnetsnmptrapd.vcproj", "{32556BD4-0FF6-4788-A33C-74AC885EDAE5}"
	ProjectSection(ProjectDependencies) = postProject
		{F2C497A5-3649-41D5-AA5C-9C6EFE581CE8} = {F2C497A5-3649-41D5-AA5C-9C6EFE581CE8}
	EndProjectSection
EndProject
Project("{8BC9CEB8-8B4A-11D0-8D11-00A0C91BC942}") = "libsnmp_dll", "libsnmp_dll\libsnmp_dll.vcproj", "{F2C497A5-3649-41D5-AA5C-9C6EFE581CE8}"
EndProject
Project("{8BC9CEB8-8B4A-11D0-8D11-00A0C91BC942}") = "netsnmpmibs", "netsnmpmibs\netsnmpmibs.vcproj", "{C2632D32-F8FE-4CB2-958D-E7C890D64E0A}"
	ProjectSection(ProjectDependencies) = postProject
		{F2C497A5-3649-41D5-AA5C-9C6EFE581CE8} = {F2C497A5-3649-41D5-AA5C-9C6EFE581CE8}
	EndProjectSection
EndProject
Project("{8BC9CEB8-8B4A-11D0-8D11-00A0C91BC942}") = "snmpbulkget", "snmpbulkget\snmpbulkget.vcproj", "{B485F3CE-3BE2-45E7-9FF9-8E9EFBF1DE11}"
	ProjectSection(ProjectDependencies) = postProject
		{F2C497A5-3649-41D5-AA5C-9C6EFE581CE8} = {F2C497A5-3649-41D5-AA5C-9C6EFE581CE8}
	EndProjectSection
EndProject
Project("{8BC9CEB8-8B4A-11D0-8D11-00A0C91BC942}") = "snmpbulkwalk", "snmpbulkwalk\snmpbulkwalk.vcproj", "{0509EE3D-6336-4F7B-AB8B-0851BAD6ED01}"
	ProjectSection(ProjectDependencies) = postProject
		{F2C497A5-3649-41D5-AA5C-9C6EFE581CE8} = {F2C497A5-3649-41D5-AA5C-9C6EFE581CE8}
	EndProjectSection
EndProject
Project("{8BC9CEB8-8B4A-11D0-8D11-00A0C91BC942}") = "snmpd", "snmpd\snmpd.vcproj", "{F8517FD4-21EC-4A39-AB48-56CD15B17B02}"
	ProjectSection(ProjectDependencies) = postProject
		{297F1DDE-A225-4D09-9C85-4C62833CA9E4} = {297F1DDE-A225-4D09-9C85-4C62833CA9E4}
		{C2632D32-F8FE-4CB2-958D-E7C890D64E0A} = {C2632D32-F8FE-4CB2-958D-E7C890D64E0A}
		{F2C497A5-3649-41D5-AA5C-9C6EFE581CE8} = {F2C497A5-3649-41D5-AA5C-9C6EFE581CE8}
	EndProjectSection
EndProject
Project("{8BC9CEB8-8B4A-11D0-8D11-00A0C91BC942}") = "snmpdelta", "snmpdelta\snmpdelta.vcproj", "{40FEFDE1-3654-45C9-BC93-C42DA288560A}"
	ProjectSection(ProjectDependencies) = postProject
		{F2C497A5-3649-41D5-AA5C-9C6EFE581CE8} = {F2C497A5-3649-41D5-AA5C-9C6EFE581CE8}
	EndProjectSection
EndProject
Project("{8BC9CEB8-8B4A-11D0-8D11-00A0C91BC942}") = "snmpdf", "snmpdf\snmpdf.vcproj", "{D4558E83-C5C1-42A6-9717-97A722322C63}"
	ProjectSection(ProjectDependencies) = postProject
		{F2C497A5-3649-41D5-AA5C-9C6EFE581CE8} = {F2C497A5-3649-41D5-AA5C-9C6EFE581CE8}
	EndProjectSection
EndProject
Project("{8BC9CEB8-8B4A-11D0-8D11-00A0C91BC942}") = "snmpget", "snmpget\snmpget.vcproj", "{2D44C80A-0CA1-4B85-9763-E4166A6CB3E5}"
	ProjectSection(ProjectDependencies) = postProject
		{F2C497A5-3649-41D5-AA5C-9C6EFE581CE8} = {F2C497A5-3649-41D5-AA5C-9C6EFE581CE8}
	EndProjectSection
EndProject
Project("{8BC9CEB8-8B4A-11D0-8D11-00A0C91BC942}") = "snmpgetnext", "snmpgetnext\snmpgetnext.vcproj", "{A8EF252F-8510-4438-8CFF-08B12B077905}"
	ProjectSection(ProjectDependencies) = postProject
		{F2C497A5-3649-41D5-AA5C-9C6EFE581CE8} = {F2C497A5-3649-41D5-AA5C-9C6EFE581CE8}
	EndProjectSection
EndProject
Project("{8BC9CEB8-8B4A-11D0-8D11-00A0C91BC942}") = "snmpnetstat", "snmpnetstat\snmpnetstat.vcproj", "{72BBF637-7165-4E7B-9CF2-3D928EE1DB46}"
	ProjectSection(ProjectDependencies) = postProject
		{F2C497A5-3649-41D5-AA5C-9C6EFE581CE8} = {F2C497A5-3649-41D5-AA5C-9C6EFE581CE8}
	EndProjectSection
EndProject
Project("{8BC9CEB8-8B4A-11D0-8D11-00A0C91BC942}") = "snmpset", "snmpset\snmpset.vcproj", "{A3F7C488-A5B1-42B5-9343-AA813AFD8419}"
	ProjectSection(ProjectDependencies) = postProject
		{F2C497A5-3649-41D5-AA5C-9C6EFE581CE8} = {F2C497A5-3649-41D5-AA5C-9C6EFE581CE8}
	EndProjectSection
EndProject
Project("{8BC9CEB8-8B4A-11D0-8D11-00A0C91BC942}") = "snmpstatus", "snmpstatus\snmpstatus.vcproj", "{C1355E6D-DD8B-41FE-AF98-8BC5484BBA5F}"
	ProjectSection(ProjectDependencies) = postProject
		{F2C497A5-3649-41D5-AA5C-9C6EFE581CE8} = {F2C497A5-3649-41D5-AA5C-9C6EFE581CE8}
	EndProjectSection
EndProject
Project("{8BC9CEB8-8B4A-11D0-8D11-00A0C91BC942}") = "snmptable", "snmptable\snmptable.vcproj", "{9251C8FB-CA90-4022-AF66-B2DBC731867B}"
	ProjectSection(ProjectDependencies) = postProject
		{F2C497A5-3649-41D5-AA5C-9C6EFE581CE8} = {F2C497A5-3649-41D5-AA5C-9C6EFE581CE8}
	EndProjectSection
EndProject
Project("{8BC9CEB8-8B4A-11D0-8D11-00A0C91BC942}") = "snmptest", "snmptest\snmptest.vcproj", "{002CAE28-331B-4819-BD64-0D0CE7148AD2}"
	ProjectSection(ProjectDependencies) = postProject
		{F2C497A5-3649-41D5-AA5C-9C6EFE581CE8} = {F2C497A5-3649-41D5-AA5C-9C6EFE581CE8}
	EndProjectSection
EndProject
Project("{8BC9CEB8-8B4A-11D0-8D11-00A0C91BC942}") = "snmptranslate", "snmptranslate\snmptranslate.vcproj", "{36F3BD3A-3B11-491E-9A05-DA60CAD11A84}"
	ProjectSection(ProjectDependencies) = postProject
		{F2C497A5-3649-41D5-AA5C-9C6EFE581CE8} = {F2C497A5-3649-41D5-AA5C-9C6EFE581CE8}
	EndProjectSection
EndProject
Project("{8BC9CEB8-8B4A-11D0-8D11-00A0C91BC942}") = "snmptrap", "snmptrap\snmptrap.vcproj", "{220B72AC-2DBE-4821-91DD-BCA038784A01}"
	ProjectSection(ProjectDependencies) = postProject
		{F2C497A5-3649-41D5-AA5C-9C6EFE581CE8} = {F2C497A5-3649-41D5-AA5C-9C6EFE581CE8}
	EndProjectSection
EndProject
Project("{8BC9CEB8-8B4A-11D0-8D11-00A0C91BC942}") = "snmptrapd", "snmptrapd\snmptrapd.vcproj", "{501EA849-5BD8-47F9-9FD6-D8588106D280}"
	ProjectSection(ProjectDependencies) = postProject
		{297F1DDE-A225-4D09-9C85-4C62833CA9E4} = {297F1DDE-A225-4D09-9C85-4C62833CA9E4}
		{32556BD4-0FF6-4788-A33C-74AC885EDAE5} = {32556BD4-0FF6-4788-A33C-74AC885EDAE5}
		{C2632D32-F8FE-4CB2-958D-E7C890D64E0A} = {C2632D32-F8FE-4CB2-958D-E7C890D64E0A}
		{F2C497A5-3649-41D5-AA5C-9C6EFE581CE8} = {F2C497A5-3649-41D5-AA5C-9C6EFE581CE8}
	EndProjectSection
EndProject
Project("{8BC9CEB8-8B4A-11D0-8D11-00A0C91BC942}") = "snmpusm", "snmpusm\snmpusm.vcproj", "{FCC26DFF-92AC-4FC7-BFCE-F2FAF0B7CE23}"
	ProjectSection(ProjectDependencies) = postProject
		{F2C497A5-3649-41D5-AA5C-9C6EFE581CE8} = {F2C497A5-3649-41D5-AA5C-9C6EFE581CE8}
	EndProjectSection
EndProject
Project("{8BC9CEB8-8B4A-11D0-8D11-00A0C91BC942}") = "snmpvacm", "snmpvacm\snmpvacm.vcproj", "{AB0FA2AD-F5A2-429E-9872-00B279AC9730}"
	ProjectSection(ProjectDependencies) = postProject
		{F2C497A5-3649-41D5-AA5C-9C6EFE581CE8} = {F2C497A5-3649-41D5-AA5C-9C6EFE581CE8}
	EndProjectSection
EndProject
Project("{8BC9CEB8-8B4A-11D0-8D11-00A0C91BC942}") = "snmpwalk", "snmpwalk\snmpwalk.vcproj", "{9A46B7A2-318E-4855-B9F0-A2EDA40EDA20}"
	ProjectSection(ProjectDependencies) = postProject
		{F2C497A5-3649-41D5-AA5C-9C6EFE581CE8} = {F2C497A5-3649-41D5-AA5C-9C6EFE581CE8}
	EndProjectSection
EndProject
Global
	GlobalSection(SolutionConfigurationPlatforms) = preSolution
		Debug|Win32 = Debug|Win32
		Release|Win32 = Release|Win32
	EndGlobalSection
	GlobalSection(ProjectConfigurationPlatforms) = postSolution
		{A9B271AA-28EB-4063-BE84-8DBEB923FCF8}.Debug|Win32.ActiveCfg = Debug|Win32
		{A9B271AA-28EB-4063-BE84-8DBEB923FCF8}.Debug|Win32.Build.0 = Debug|Win32
		{A9B271AA-28EB-4063-BE84-8DBEB923FCF8}.Release|Win32.ActiveCfg = Release|Win32
		{A9B271AA-28EB-4063-BE84-8DBEB923FCF8}.Release|Win32.Build.0 = Release|Win32
		{297F1DDE-A225-4D09-9C85-4C62833CA9E4}.Debug|Win32.ActiveCfg = Debug|Win32
		{297F1DDE-A225-4D09-9C85-4C62833CA9E4}.Debug|Win32.Build.0 = Debug|Win32
		{297F1DDE-A225-4D09-9C85-4C62833CA9E4}.Release|Win32.ActiveCfg = Release|Win32
		{297F1DDE-A225-4D09-9C85-4C62833CA9E4}.Release|Win32.Build.0 = Release|Win32
		{32556BD4-0FF6-4788-A33C-74AC885EDAE5}.Debug|Win32.ActiveCfg = Debug|Win32
		{32556BD4-0FF6-4788-A33C-74AC885EDAE5}.Debug|Win32.Build.0 = Debug|Win32
		{32556BD4-0FF6-4788-A33C-74AC885EDAE5}.Release|Win32.ActiveCfg = Release|Win32
		{32556BD4-0FF6-4788-A33C-74AC885EDAE5}.Release|Win32.Build.0 = Release|Win32
		{F2C497A5-3649-41D5-AA5C-9C6EFE581CE8}.Debug|Win32.ActiveCfg = Debug|Win32
		{F2C497A5-3649-41D5-AA5C-9C6EFE581CE8}.Debug|Win32.Build.0 = Debug|Win32
		{F2C497A5-3649-41D5-AA5C-9C6EFE581CE8}.Release|Win32.ActiveCfg = Release|Win32
		{F2C497A5-3649-41D5-AA5C-9C6EFE581CE8}.Release|Win32.Build.0 = Release|Win32
		{C2632D32-F8FE-4CB2-958D-E7C890D64E0A}.Debug|Win32.ActiveCfg = Debug|Win32
		{C2632D32-F8FE-4CB2-958D-E7C890D64E0A}.Debug|Win32.Build.0 = Debug|Win32
		{C2632D32-F8FE-4CB2-958D-E7C890D64E0A}.Release|Win32.ActiveCfg = Release|Win32
		{C2632D32-F8FE-4CB2-958D-E7C890D64E0A}.Release|Win32.Build.0 = Release|Win32
		{B485F3CE-3BE2-45E7-9FF9-8E9EFBF1DE11}.Debug|Win32.ActiveCfg = Debug|Win32
		{B485F3CE-3BE2-45E7-9FF9-8E9EFBF1DE11}.Debug|Win32.Build.0 = Debug|Win32
		{B485F3CE-3BE2-45E7-9FF9-8E9EFBF1DE11}.Release|Win32.ActiveCfg = Release|Win32
		{B485F3CE-3BE2-45E7-9FF9-8E9EFBF1DE11}.Release|Win32.Build.0 = Release|Win32
		{0509EE3D-6336-4F7B-AB8B-0851BAD6ED01}.Debug|Win32.ActiveCfg = Debug|Win32
		{0509EE3D-6336-4F7B-AB8B-0851BAD6ED01}.Debug|Win32.Build.0 = Debug|Win32
		{0509EE3D-6336-4F7B-AB8B-0851BAD6ED01}.Release|Win32.ActiveCfg = Release|Win32
		{0509EE3D-6336-4F7B-AB8B-0851BAD6ED01}.Release|Win32.Build.0 = Release|Win32
		{F8517FD4-21EC-4A39-AB48-56CD15B17B02}.Debug|Win32.ActiveCfg = Debug|Win32
		{F8517FD4-21EC-4A39-AB48-56CD15B17B02}.Debug|Win32.Build.0 = Debug|Win32
		{F8517FD4-21EC-4A39-AB48-56CD15B17B02}.Release|Win32.ActiveCfg = Release|Win32
		{F8517FD4-21EC-4A39-AB48-56CD15B17B02}.Release|Win32.Build.0 = Release|Win32
		{40FEFDE1-3654-45C9-BC93-C42DA288560A}.Debug|Win32.ActiveCfg = Debug|Win32
		{40FEFDE1-3654-45C9-BC93-C42DA288560A}.Debug|Win32.Build.0 = Debug|Win32
		{40FEFDE1-3654-45C9-BC93-C42DA288560A}.Release|Win32.ActiveCfg = Release|Win32
		{40FEFDE1-3654-45C9-BC93-C42DA288560A}.Release|Win32.Build.0 = Release|Win32
		{D4558E83-C5C1-42A6-9717-97A722322C63}.Debug|Win32.ActiveCfg = Debug|Win32
		{D4558E83-C5C1-42A6-9717-97A722322C63}.Debug|Win32.Build.0 = Debug|Win32
		{D4558E83-C5C1-42A6-9717-97A722322C63}.Release|Win32.ActiveCfg = Release|Win32
		{D4558E83-C5C1-42A6-9717-97A722322C63}.Release|Win32.Build.0 = Release|Win32
		{2D44C80A-0CA1-4B85-9763-E4166A6CB3E5}.Debug|Win32.ActiveCfg = Debug|Win32
		{2D44C80A-0CA1-4B85-9763-E4166A6CB3E5}.Debug|Win32.Build.0 = Debug|Win32
		{2D44C80A-0CA1-4B85-9763-E4166A6CB3E5}.Release|Win32.ActiveCfg = Release|Win32
		{2D44C80A-0CA1-4B85-9763-E4166A6CB3E5}.Release|Win32.Build.0 = Release|Win32
		{A8EF252F-8510-4438-8CFF-08B12B077905}.Debug|Win32.ActiveCfg = Debug|Win32
		{A8EF252F-8510-4438-8CFF-08B12B077905}.Debug|Win32.Build.0 = Debug|Win32
		{A8EF252F-8510-4438-8CFF-08B12B077905}.Release|Win32.ActiveCfg = Release|Win32
		{A8EF252F-8510-4438-8CFF-08B12B077905}.Release|Win32.Build.0 = Release|Win32
		{72BBF637-7165-4E7B-9CF2-3D928EE1DB46}.Debug|Win32.ActiveCfg = Debug|Win32
		{72BBF637-7165-4E7B-9CF2-3D928EE1DB46}.Debug|Win32.Build.0 = Debug|Win32
		{72BBF637-7165-4E7B-9CF2-3D928EE1DB46}.Release|Win32.ActiveCfg = Release|Win32
		{72BBF637-7165-4E7B-9CF2-3D928EE1DB46}.Release|Win32.Build.0 = Release|Win32
		{A3F7C488-A5B1-42B5-9343-AA813AFD8419}.Debug|Win32.ActiveCfg = Debug|Win32
		{A3F7C488-A5B1-42B5-9343-AA813AFD8419}.Debug|Win32.Build.0 = Debug|Win32
		{A3F7C488-A5B1-42B5-9343-AA813AFD8419}.Release|Win32.ActiveCfg = Release|Win32
		{A3F7C488-A5B1-42B5-9343-AA813AFD8419}.Release|Win32.Build.0 = Release|Win32
		{C1355E6D-DD8B-41FE-AF98-8BC5484BBA5F}.Debug|Win32.ActiveCfg = Debug|Win32
		{C1355E6D-DD8B-41FE-AF98-8BC5484BBA5F}.Debug|Win32.Build.0 = Debug|Win32
		{C1355E6D-DD8B-41FE-AF98-8BC5484BBA5F}.Release|Win32.ActiveCfg = Release|Win32
		{C1355E6D-DD8B-41FE-AF98-8BC5484BBA5F}.Release|Win32.Build.0 = Release|Win32
		{9251C8FB-CA90-4022-AF66-B2DBC731867B}.Debug|Win32.ActiveCfg = Debug|Win32
		{9251C8FB-CA90-4022-AF66-B2DBC731867B}.Debug|Win32.Build.0 = Debug|Win32
		{9251C8FB-CA90-4022-AF66-B2DBC731867B}.Release|Win32.ActiveCfg = Release|Win32
		{9251C8FB-CA90-4022-AF66-B2DBC731867B}.Release|Win32.Build.0 = Release|Win32
		{002CAE28-331B-4819-BD64-0D0CE7148AD2}.Debug|Win32.ActiveCfg = Debug|Win32
		{002CAE28-331B-4819-BD64-0D0CE7148AD2}.Debug|Win32.Build.0 = Debug|Win32
		{002CAE28-331B-4819-BD64-0D0CE7148AD2}.Release|Win32.ActiveCfg = Release|Win32
		{002CAE28-331B-4819-BD64-0D0CE7148AD2}.Release|Win32.Build.0 = Release|Win32
		{36F3BD3A-3B11-491E-9A05-DA60CAD11A84}.Debug|Win32.ActiveCfg = Debug|Win32
		{36F3BD3A-3B11-491E-9A05-DA60CAD11A84}.Debug|Win32.Build.0 = Debug|Win32
		{36F3BD3A-3B11-491E-9A05-DA60CAD11A84}.Release|Win32.ActiveCfg = Release|Win32
		{36F3BD3A-3B11-491E-9A05-DA60CAD11A84}.Release|Win32.Build.0 = Release|Win32
		{220B72AC-2DBE-4821-91DD-BCA038784A01}.Debug|Win32.ActiveCfg = Debug|Win32
		{220B72AC-2DBE-4821-91DD-BCA038784A01}.Debug|Win32.Build.0 = Debug|Win32
		{220B72AC-2DBE-4821-91DD-BCA038784A01}.Release|Win32.ActiveCfg = Release|Win32
		{220B72AC-2DBE-4821-91DD-BCA038784A01}.Release|Win32.Build.0 = Release|Win32
		{501EA849-5BD8-47F9-9FD6-D8588106D280}.Debug|Win32.ActiveCfg = Debug|Win32
		{501EA849-5BD8-47F9-9FD6-D8588106D280}.Debug|Win32.Build.0 = Debug|Win32
		{501EA849-5BD8-47F9-9FD6-D8588106D280}.Release|Win32.ActiveCfg = Release|Win32
		{501EA849-5BD8-47F9-9FD6-D8588106D280}.Release|Win32.Build.0 = Release|Win32
		{FCC26DFF-92AC-4FC7-BFCE-F2FAF0B7CE23}.Debug|Win32.ActiveCfg = Debug|Win32
		{FCC26DFF-92AC-4FC7-BFCE-F2FAF0B7CE23}.Debug|Win32.Build.0 = Debug|Win32
		{FCC26DFF-92AC-4FC7-BFCE-F2FAF0B7CE23}.Release|Win32.ActiveCfg = Release|Win32
		{FCC26DFF-92AC-4FC7-BFCE-F2FAF0B7CE23}.Release|Win32.Build.0 = Release|Win32
		{AB0FA2AD-F5A2-429E-9872-00B279AC9730}.Debug|Win32.ActiveCfg = Debug|Win32
		{AB0FA2AD-F5A2-429E-9872-00B279AC9730}.Debug|Win32.Build.0 = Debug|Win32
		{AB0FA2AD-F5A2-429E-9872-00B279AC9730}.Release|Win32.ActiveCfg = Release|Win32
		{AB0FA2AD-F5A2-429E-9872-00B279AC9730}.Release|Win32.Build.0 = Release|Win32
		{9A46B7A2-318E-4855-B9F0-A2EDA40EDA20}.Debug|Win32.ActiveCfg = Debug|Win32
		{9A46B7A2-318E-4855-B9F0-A2EDA40EDA20}.Debug|Win32.Build.0 = Debug|Win32
		{9A46B7A2-318E-4855-B9F0-A2EDA40EDA20}.Release|Win32.ActiveCfg = Release|Win32
		{9A46B7A2-318E-4855-B9F0-A2EDA40EDA20}.Release|Win32.Build.0 = Release|Win32
	EndGlobalSection
	GlobalSection(SolutionProperties) = preSolution
		HideSolutionNode = FALSE
	EndGlobalSection
EndGlobal
