
Microsoft Visual Studio Solution File, Format Version 10.00
# Visual C++ Express 2008
Project("{8BC9CEB8-8B4A-11D0-8D11-00A0C91BC942}") = "libagent", "libagent\libagent.vcproj", "{3EF1D769-F573-420C-8DDC-1B42728F9AF1}"
	ProjectSection(ProjectDependencies) = postProject
		{AF167728-7501-4858-9466-30ED760448FE} = {AF167728-7501-4858-9466-30ED760448FE}
	EndProjectSection
EndProject
Project("{8BC9CEB8-8B4A-11D0-8D11-00A0C91BC942}") = "libhelpers", "libhelpers\libhelpers.vcproj", "{B0991F0D-CBDA-4C2B-9906-D761896F4E52}"
	ProjectSection(ProjectDependencies) = postProject
		{AF167728-7501-4858-9466-30ED760448FE} = {AF167728-7501-4858-9466-30ED760448FE}
	EndProjectSection
EndProject
Project("{8BC9CEB8-8B4A-11D0-8D11-00A0C91BC942}") = "libsnmp", "libsnmp\libsnmp.vcproj", "{AF167728-7501-4858-9466-30ED760448FE}"
EndProject
Project("{8BC9CEB8-8B4A-11D0-8D11-00A0C91BC942}") = "netsnmpmibs", "netsnmpmibs\netsnmpmibs.vcproj", "{AD4FE73D-5EE3-43E1-B927-DC0FC934DD66}"
	ProjectSection(ProjectDependencies) = postProject
		{AF167728-7501-4858-9466-30ED760448FE} = {AF167728-7501-4858-9466-30ED760448FE}
	EndProjectSection
EndProject
Project("{8BC9CEB8-8B4A-11D0-8D11-00A0C91BC942}") = "libnetsnmptrapd", "libnetsnmptrapd\libnetsnmptrapd.vcproj", "{1F5A4C26-2290-4773-9083-17FEB362C97A}"
	ProjectSection(ProjectDependencies) = postProject
		{AF167728-7501-4858-9466-30ED760448FE} = {AF167728-7501-4858-9466-30ED760448FE}
	EndProjectSection
EndProject
Project("{8BC9CEB8-8B4A-11D0-8D11-00A0C91BC942}") = "encode_keychange", "encode_keychange\encode_keychange.vcproj", "{7A246429-186D-4FE1-B172-DE8742B14D3F}"
	ProjectSection(ProjectDependencies) = postProject
		{AF167728-7501-4858-9466-30ED760448FE} = {AF167728-7501-4858-9466-30ED760448FE}
	EndProjectSection
EndProject
Project("{8BC9CEB8-8B4A-11D0-8D11-00A0C91BC942}") = "snmpbulkget", "snmpbulkget\snmpbulkget.vcproj", "{E3468648-F4B5-4217-801F-BD9F36D6596B}"
	ProjectSection(ProjectDependencies) = postProject
		{AF167728-7501-4858-9466-30ED760448FE} = {AF167728-7501-4858-9466-30ED760448FE}
	EndProjectSection
EndProject
Project("{8BC9CEB8-8B4A-11D0-8D11-00A0C91BC942}") = "snmpbulkwalk", "snmpbulkwalk\snmpbulkwalk.vcproj", "{F3E57F62-0F90-4578-BC2E-5BCF5FBC28C4}"
	ProjectSection(ProjectDependencies) = postProject
		{AF167728-7501-4858-9466-30ED760448FE} = {AF167728-7501-4858-9466-30ED760448FE}
	EndProjectSection
EndProject
Project("{8BC9CEB8-8B4A-11D0-8D11-00A0C91BC942}") = "snmpd", "snmpd\snmpd.vcproj", "{0356FA7C-B951-4B1F-B507-0656ED067C53}"
	ProjectSection(ProjectDependencies) = postProject
		{3EF1D769-F573-420C-8DDC-1B42728F9AF1} = {3EF1D769-F573-420C-8DDC-1B42728F9AF1}
		{B0991F0D-CBDA-4C2B-9906-D761896F4E52} = {B0991F0D-CBDA-4C2B-9906-D761896F4E52}
		{AF167728-7501-4858-9466-30ED760448FE} = {AF167728-7501-4858-9466-30ED760448FE}
		{AD4FE73D-5EE3-43E1-B927-DC0FC934DD66} = {AD4FE73D-5EE3-43E1-B927-DC0FC934DD66}
	EndProjectSection
EndProject
Project("{8BC9CEB8-8B4A-11D0-8D11-00A0C91BC942}") = "snmpdelta", "snmpdelta\snmpdelta.vcproj", "{D89164F2-9CE2-477F-986D-C5ED0AF3F1C5}"
	ProjectSection(ProjectDependencies) = postProject
		{AF167728-7501-4858-9466-30ED760448FE} = {AF167728-7501-4858-9466-30ED760448FE}
	EndProjectSection
EndProject
Project("{8BC9CEB8-8B4A-11D0-8D11-00A0C91BC942}") = "snmpdf", "snmpdf\snmpdf.vcproj", "{263A5C0B-50DC-42BD-9CF0-7B8F2D34781F}"
	ProjectSection(ProjectDependencies) = postProject
		{AF167728-7501-4858-9466-30ED760448FE} = {AF167728-7501-4858-9466-30ED760448FE}
	EndProjectSection
EndProject
Project("{8BC9CEB8-8B4A-11D0-8D11-00A0C91BC942}") = "snmpget", "snmpget\snmpget.vcproj", "{C09F3EF0-CB43-4126-9B81-ACC80439AD85}"
	ProjectSection(ProjectDependencies) = postProject
		{AF167728-7501-4858-9466-30ED760448FE} = {AF167728-7501-4858-9466-30ED760448FE}
	EndProjectSection
EndProject
Project("{8BC9CEB8-8B4A-11D0-8D11-00A0C91BC942}") = "snmpgetnext", "snmpgetnext\snmpgetnext.vcproj", "{1231761C-3168-4C86-96E7-36CC28CA0C19}"
	ProjectSection(ProjectDependencies) = postProject
		{AF167728-7501-4858-9466-30ED760448FE} = {AF167728-7501-4858-9466-30ED760448FE}
	EndProjectSection
EndProject
Project("{8BC9CEB8-8B4A-11D0-8D11-00A0C91BC942}") = "snmpnetstat", "snmpnetstat\snmpnetstat.vcproj", "{0B7D9744-BD01-421C-98BC-1AA7CC404D26}"
	ProjectSection(ProjectDependencies) = postProject
		{AF167728-7501-4858-9466-30ED760448FE} = {AF167728-7501-4858-9466-30ED760448FE}
	EndProjectSection
EndProject
Project("{8BC9CEB8-8B4A-11D0-8D11-00A0C91BC942}") = "snmpset", "snmpset\snmpset.vcproj", "{48F54403-E247-4527-AE7D-E59B135F1280}"
	ProjectSection(ProjectDependencies) = postProject
		{AF167728-7501-4858-9466-30ED760448FE} = {AF167728-7501-4858-9466-30ED760448FE}
	EndProjectSection
EndProject
Project("{8BC9CEB8-8B4A-11D0-8D11-00A0C91BC942}") = "snmpstatus", "snmpstatus\snmpstatus.vcproj", "{CC103201-E497-4BE2-92E3-6276A05397EC}"
	ProjectSection(ProjectDependencies) = postProject
		{AF167728-7501-4858-9466-30ED760448FE} = {AF167728-7501-4858-9466-30ED760448FE}
	EndProjectSection
EndProject
Project("{8BC9CEB8-8B4A-11D0-8D11-00A0C91BC942}") = "snmptable", "snmptable\snmptable.vcproj", "{1885F82B-DA06-4ADF-95F8-1387E65F5A30}"
	ProjectSection(ProjectDependencies) = postProject
		{AF167728-7501-4858-9466-30ED760448FE} = {AF167728-7501-4858-9466-30ED760448FE}
	EndProjectSection
EndProject
Project("{8BC9CEB8-8B4A-11D0-8D11-00A0C91BC942}") = "snmptest", "snmptest\snmptest.vcproj", "{85CC56C7-B802-4972-9B13-5D31D85FED72}"
	ProjectSection(ProjectDependencies) = postProject
		{AF167728-7501-4858-9466-30ED760448FE} = {AF167728-7501-4858-9466-30ED760448FE}
	EndProjectSection
EndProject
Project("{8BC9CEB8-8B4A-11D0-8D11-00A0C91BC942}") = "snmptranslate", "snmptranslate\snmptranslate.vcproj", "{4302E2A6-FBE9-47C5-A62C-BCBF8A75952E}"
	ProjectSection(ProjectDependencies) = postProject
		{AF167728-7501-4858-9466-30ED760448FE} = {AF167728-7501-4858-9466-30ED760448FE}
	EndProjectSection
EndProject
Project("{8BC9CEB8-8B4A-11D0-8D11-00A0C91BC942}") = "snmptrap", "snmptrap\snmptrap.vcproj", "{3255FB2A-6C6B-4295-800E-CF86F94D7294}"
	ProjectSection(ProjectDependencies) = postProject
		{AF167728-7501-4858-9466-30ED760448FE} = {AF167728-7501-4858-9466-30ED760448FE}
	EndProjectSection
EndProject
Project("{8BC9CEB8-8B4A-11D0-8D11-00A0C91BC942}") = "snmptrapd", "snmptrapd\snmptrapd.vcproj", "{93FDFAE6-F85E-4CE6-B658-516E410AC677}"
	ProjectSection(ProjectDependencies) = postProject
		{3EF1D769-F573-420C-8DDC-1B42728F9AF1} = {3EF1D769-F573-420C-8DDC-1B42728F9AF1}
		{B0991F0D-CBDA-4C2B-9906-D761896F4E52} = {B0991F0D-CBDA-4C2B-9906-D761896F4E52}
		{1F5A4C26-2290-4773-9083-17FEB362C97A} = {1F5A4C26-2290-4773-9083-17FEB362C97A}
		{AF167728-7501-4858-9466-30ED760448FE} = {AF167728-7501-4858-9466-30ED760448FE}
		{AD4FE73D-5EE3-43E1-B927-DC0FC934DD66} = {AD4FE73D-5EE3-43E1-B927-DC0FC934DD66}
	EndProjectSection
EndProject
Project("{8BC9CEB8-8B4A-11D0-8D11-00A0C91BC942}") = "snmpusm", "snmpusm\snmpusm.vcproj", "{5722B473-9AB5-4CFF-A857-319939246A01}"
	ProjectSection(ProjectDependencies) = postProject
		{AF167728-7501-4858-9466-30ED760448FE} = {AF167728-7501-4858-9466-30ED760448FE}
	EndProjectSection
EndProject
Project("{8BC9CEB8-8B4A-11D0-8D11-00A0C91BC942}") = "snmpvacm", "snmpvacm\snmpvacm.vcproj", "{3CA04265-0113-4BA5-A089-8F0EFBE125C5}"
	ProjectSection(ProjectDependencies) = postProject
		{AF167728-7501-4858-9466-30ED760448FE} = {AF167728-7501-4858-9466-30ED760448FE}
	EndProjectSection
EndProject
Project("{8BC9CEB8-8B4A-11D0-8D11-00A0C91BC942}") = "snmpwalk", "snmpwalk\snmpwalk.vcproj", "{7A745E90-0130-4A05-BD15-AE5F07285838}"
	ProjectSection(ProjectDependencies) = postProject
		{AF167728-7501-4858-9466-30ED760448FE} = {AF167728-7501-4858-9466-30ED760448FE}
	EndProjectSection
EndProject
Global
	GlobalSection(SolutionConfigurationPlatforms) = preSolution
		Debug|Win32 = Debug|Win32
		Release|Win32 = Release|Win32
	EndGlobalSection
	GlobalSection(ProjectConfigurationPlatforms) = postSolution
		{3EF1D769-F573-420C-8DDC-1B42728F9AF1}.Debug|Win32.ActiveCfg = Debug|Win32
		{3EF1D769-F573-420C-8DDC-1B42728F9AF1}.Debug|Win32.Build.0 = Debug|Win32
		{3EF1D769-F573-420C-8DDC-1B42728F9AF1}.Release|Win32.ActiveCfg = Release|Win32
		{3EF1D769-F573-420C-8DDC-1B42728F9AF1}.Release|Win32.Build.0 = Release|Win32
		{B0991F0D-CBDA-4C2B-9906-D761896F4E52}.Debug|Win32.ActiveCfg = Debug|Win32
		{B0991F0D-CBDA-4C2B-9906-D761896F4E52}.Debug|Win32.Build.0 = Debug|Win32
		{B0991F0D-CBDA-4C2B-9906-D761896F4E52}.Release|Win32.ActiveCfg = Release|Win32
		{B0991F0D-CBDA-4C2B-9906-D761896F4E52}.Release|Win32.Build.0 = Release|Win32
		{AF167728-7501-4858-9466-30ED760448FE}.Debug|Win32.ActiveCfg = Debug|Win32
		{AF167728-7501-4858-9466-30ED760448FE}.Debug|Win32.Build.0 = Debug|Win32
		{AF167728-7501-4858-9466-30ED760448FE}.Release|Win32.ActiveCfg = Release|Win32
		{AF167728-7501-4858-9466-30ED760448FE}.Release|Win32.Build.0 = Release|Win32
		{AD4FE73D-5EE3-43E1-B927-DC0FC934DD66}.Debug|Win32.ActiveCfg = Debug|Win32
		{AD4FE73D-5EE3-43E1-B927-DC0FC934DD66}.Debug|Win32.Build.0 = Debug|Win32
		{AD4FE73D-5EE3-43E1-B927-DC0FC934DD66}.Release|Win32.ActiveCfg = Release|Win32
		{AD4FE73D-5EE3-43E1-B927-DC0FC934DD66}.Release|Win32.Build.0 = Release|Win32
		{1F5A4C26-2290-4773-9083-17FEB362C97A}.Debug|Win32.ActiveCfg = Debug|Win32
		{1F5A4C26-2290-4773-9083-17FEB362C97A}.Debug|Win32.Build.0 = Debug|Win32
		{1F5A4C26-2290-4773-9083-17FEB362C97A}.Release|Win32.ActiveCfg = Release|Win32
		{1F5A4C26-2290-4773-9083-17FEB362C97A}.Release|Win32.Build.0 = Release|Win32
		{7A246429-186D-4FE1-B172-DE8742B14D3F}.Debug|Win32.ActiveCfg = Debug|Win32
		{7A246429-186D-4FE1-B172-DE8742B14D3F}.Debug|Win32.Build.0 = Debug|Win32
		{7A246429-186D-4FE1-B172-DE8742B14D3F}.Release|Win32.ActiveCfg = Release|Win32
		{7A246429-186D-4FE1-B172-DE8742B14D3F}.Release|Win32.Build.0 = Release|Win32
		{E3468648-F4B5-4217-801F-BD9F36D6596B}.Debug|Win32.ActiveCfg = Debug|Win32
		{E3468648-F4B5-4217-801F-BD9F36D6596B}.Debug|Win32.Build.0 = Debug|Win32
		{E3468648-F4B5-4217-801F-BD9F36D6596B}.Release|Win32.ActiveCfg = Release|Win32
		{E3468648-F4B5-4217-801F-BD9F36D6596B}.Release|Win32.Build.0 = Release|Win32
		{F3E57F62-0F90-4578-BC2E-5BCF5FBC28C4}.Debug|Win32.ActiveCfg = Debug|Win32
		{F3E57F62-0F90-4578-BC2E-5BCF5FBC28C4}.Debug|Win32.Build.0 = Debug|Win32
		{F3E57F62-0F90-4578-BC2E-5BCF5FBC28C4}.Release|Win32.ActiveCfg = Release|Win32
		{F3E57F62-0F90-4578-BC2E-5BCF5FBC28C4}.Release|Win32.Build.0 = Release|Win32
		{0356FA7C-B951-4B1F-B507-0656ED067C53}.Debug|Win32.ActiveCfg = Debug|Win32
		{0356FA7C-B951-4B1F-B507-0656ED067C53}.Debug|Win32.Build.0 = Debug|Win32
		{0356FA7C-B951-4B1F-B507-0656ED067C53}.Release|Win32.ActiveCfg = Release|Win32
		{0356FA7C-B951-4B1F-B507-0656ED067C53}.Release|Win32.Build.0 = Release|Win32
		{D89164F2-9CE2-477F-986D-C5ED0AF3F1C5}.Debug|Win32.ActiveCfg = Debug|Win32
		{D89164F2-9CE2-477F-986D-C5ED0AF3F1C5}.Debug|Win32.Build.0 = Debug|Win32
		{D89164F2-9CE2-477F-986D-C5ED0AF3F1C5}.Release|Win32.ActiveCfg = Release|Win32
		{D89164F2-9CE2-477F-986D-C5ED0AF3F1C5}.Release|Win32.Build.0 = Release|Win32
		{263A5C0B-50DC-42BD-9CF0-7B8F2D34781F}.Debug|Win32.ActiveCfg = Debug|Win32
		{263A5C0B-50DC-42BD-9CF0-7B8F2D34781F}.Debug|Win32.Build.0 = Debug|Win32
		{263A5C0B-50DC-42BD-9CF0-7B8F2D34781F}.Release|Win32.ActiveCfg = Release|Win32
		{263A5C0B-50DC-42BD-9CF0-7B8F2D34781F}.Release|Win32.Build.0 = Release|Win32
		{C09F3EF0-CB43-4126-9B81-ACC80439AD85}.Debug|Win32.ActiveCfg = Debug|Win32
		{C09F3EF0-CB43-4126-9B81-ACC80439AD85}.Debug|Win32.Build.0 = Debug|Win32
		{C09F3EF0-CB43-4126-9B81-ACC80439AD85}.Release|Win32.ActiveCfg = Release|Win32
		{C09F3EF0-CB43-4126-9B81-ACC80439AD85}.Release|Win32.Build.0 = Release|Win32
		{1231761C-3168-4C86-96E7-36CC28CA0C19}.Debug|Win32.ActiveCfg = Debug|Win32
		{1231761C-3168-4C86-96E7-36CC28CA0C19}.Debug|Win32.Build.0 = Debug|Win32
		{1231761C-3168-4C86-96E7-36CC28CA0C19}.Release|Win32.ActiveCfg = Release|Win32
		{1231761C-3168-4C86-96E7-36CC28CA0C19}.Release|Win32.Build.0 = Release|Win32
		{0B7D9744-BD01-421C-98BC-1AA7CC404D26}.Debug|Win32.ActiveCfg = Debug|Win32
		{0B7D9744-BD01-421C-98BC-1AA7CC404D26}.Debug|Win32.Build.0 = Debug|Win32
		{0B7D9744-BD01-421C-98BC-1AA7CC404D26}.Release|Win32.ActiveCfg = Release|Win32
		{0B7D9744-BD01-421C-98BC-1AA7CC404D26}.Release|Win32.Build.0 = Release|Win32
		{48F54403-E247-4527-AE7D-E59B135F1280}.Debug|Win32.ActiveCfg = Debug|Win32
		{48F54403-E247-4527-AE7D-E59B135F1280}.Debug|Win32.Build.0 = Debug|Win32
		{48F54403-E247-4527-AE7D-E59B135F1280}.Release|Win32.ActiveCfg = Release|Win32
		{48F54403-E247-4527-AE7D-E59B135F1280}.Release|Win32.Build.0 = Release|Win32
		{CC103201-E497-4BE2-92E3-6276A05397EC}.Debug|Win32.ActiveCfg = Debug|Win32
		{CC103201-E497-4BE2-92E3-6276A05397EC}.Debug|Win32.Build.0 = Debug|Win32
		{CC103201-E497-4BE2-92E3-6276A05397EC}.Release|Win32.ActiveCfg = Release|Win32
		{CC103201-E497-4BE2-92E3-6276A05397EC}.Release|Win32.Build.0 = Release|Win32
		{1885F82B-DA06-4ADF-95F8-1387E65F5A30}.Debug|Win32.ActiveCfg = Debug|Win32
		{1885F82B-DA06-4ADF-95F8-1387E65F5A30}.Debug|Win32.Build.0 = Debug|Win32
		{1885F82B-DA06-4ADF-95F8-1387E65F5A30}.Release|Win32.ActiveCfg = Release|Win32
		{1885F82B-DA06-4ADF-95F8-1387E65F5A30}.Release|Win32.Build.0 = Release|Win32
		{85CC56C7-B802-4972-9B13-5D31D85FED72}.Debug|Win32.ActiveCfg = Debug|Win32
		{85CC56C7-B802-4972-9B13-5D31D85FED72}.Debug|Win32.Build.0 = Debug|Win32
		{85CC56C7-B802-4972-9B13-5D31D85FED72}.Release|Win32.ActiveCfg = Release|Win32
		{85CC56C7-B802-4972-9B13-5D31D85FED72}.Release|Win32.Build.0 = Release|Win32
		{4302E2A6-FBE9-47C5-A62C-BCBF8A75952E}.Debug|Win32.ActiveCfg = Debug|Win32
		{4302E2A6-FBE9-47C5-A62C-BCBF8A75952E}.Debug|Win32.Build.0 = Debug|Win32
		{4302E2A6-FBE9-47C5-A62C-BCBF8A75952E}.Release|Win32.ActiveCfg = Release|Win32
		{4302E2A6-FBE9-47C5-A62C-BCBF8A75952E}.Release|Win32.Build.0 = Release|Win32
		{3255FB2A-6C6B-4295-800E-CF86F94D7294}.Debug|Win32.ActiveCfg = Debug|Win32
		{3255FB2A-6C6B-4295-800E-CF86F94D7294}.Debug|Win32.Build.0 = Debug|Win32
		{3255FB2A-6C6B-4295-800E-CF86F94D7294}.Release|Win32.ActiveCfg = Release|Win32
		{3255FB2A-6C6B-4295-800E-CF86F94D7294}.Release|Win32.Build.0 = Release|Win32
		{93FDFAE6-F85E-4CE6-B658-516E410AC677}.Debug|Win32.ActiveCfg = Debug|Win32
		{93FDFAE6-F85E-4CE6-B658-516E410AC677}.Debug|Win32.Build.0 = Debug|Win32
		{93FDFAE6-F85E-4CE6-B658-516E410AC677}.Release|Win32.ActiveCfg = Release|Win32
		{93FDFAE6-F85E-4CE6-B658-516E410AC677}.Release|Win32.Build.0 = Release|Win32
		{5722B473-9AB5-4CFF-A857-319939246A01}.Debug|Win32.ActiveCfg = Debug|Win32
		{5722B473-9AB5-4CFF-A857-319939246A01}.Debug|Win32.Build.0 = Debug|Win32
		{5722B473-9AB5-4CFF-A857-319939246A01}.Release|Win32.ActiveCfg = Release|Win32
		{5722B473-9AB5-4CFF-A857-319939246A01}.Release|Win32.Build.0 = Release|Win32
		{3CA04265-0113-4BA5-A089-8F0EFBE125C5}.Debug|Win32.ActiveCfg = Debug|Win32
		{3CA04265-0113-4BA5-A089-8F0EFBE125C5}.Debug|Win32.Build.0 = Debug|Win32
		{3CA04265-0113-4BA5-A089-8F0EFBE125C5}.Release|Win32.ActiveCfg = Release|Win32
		{3CA04265-0113-4BA5-A089-8F0EFBE125C5}.Release|Win32.Build.0 = Release|Win32
		{7A745E90-0130-4A05-BD15-AE5F07285838}.Debug|Win32.ActiveCfg = Debug|Win32
		{7A745E90-0130-4A05-BD15-AE5F07285838}.Debug|Win32.Build.0 = Debug|Win32
		{7A745E90-0130-4A05-BD15-AE5F07285838}.Release|Win32.ActiveCfg = Release|Win32
		{7A745E90-0130-4A05-BD15-AE5F07285838}.Release|Win32.Build.0 = Release|Win32
	EndGlobalSection
	GlobalSection(SolutionProperties) = preSolution
		HideSolutionNode = FALSE
	EndGlobalSection
EndGlobal
